
Microsoft Visual Studio Solution File, Format Version 12.00
# Visual Studio Version 16
VisualStudioVersion = 16.0.31702.278
MinimumVisualStudioVersion = 10.0.40219.1
Project("{FAE04EC0-301F-11D3-BF4B-00C04F79EFBC}") = "WindowsFormsApp1", "WindowsFormsApp1\WindowsFormsApp1.csproj", "{B2AE8A8B-A68D-4A42-BAD8-97630CACD40F}"
EndProject
Global
	GlobalSection(SolutionConfigurationPlatforms) = preSolution
		Debug|Any CPU = Debug|Any CPU
		Release|Any CPU = Release|Any CPU
	EndGlobalSection
	GlobalSection(ProjectConfigurationPlatforms) = postSolution
		{B2AE8A8B-A68D-4A42-BAD8-97630CACD40F}.Debug|Any CPU.ActiveCfg = Debug|Any CPU
		{B2AE8A8B-A68D-4A42-BAD8-97630CACD40F}.Debug|Any CPU.Build.0 = Debug|Any CPU
		{B2AE8A8B-A68D-4A42-BAD8-97630CACD40F}.Release|Any CPU.ActiveCfg = Release|Any CPU
		{B2AE8A8B-A68D-4A42-BAD8-97630CACD40F}.Release|Any CPU.Build.0 = Release|Any CPU
	EndGlobalSection
	GlobalSection(SolutionProperties) = preSolution
		HideSolutionNode = FALSE
	EndGlobalSection
	GlobalSection(ExtensibilityGlobals) = postSolution
		SolutionGuid = {288D4881-FD2E-4DF1-A9E7-4400E2C4EDC5}
	EndGlobalSection
EndGlobal
